
Microsoft Visual Studio Solution File, Format Version 12.00
# Visual Studio Version 17
VisualStudioVersion = 17.5.33627.172
MinimumVisualStudioVersion = 10.0.40219.1
Project("{9A19103F-16F7-4668-BE54-9A1E7A4F7556}") = "Project", "Project\Project.csproj", "{5E84DF3C-541B-4903-A645-1BE8F6E00D45}"
EndProject
Project("{9A19103F-16F7-4668-BE54-9A1E7A4F7556}") = "Project.Application", "Project.Application\Project.Application.csproj", "{27F6C58B-BB06-4435-A6BF-E1A39B49BBC5}"
EndProject
Project("{9A19103F-16F7-4668-BE54-9A1E7A4F7556}") = "Project.Core", "Project.Core\Project.Core.csproj", "{1640A741-A1F9-438A-AF00-8F4856F5FDF3}"
EndProject
Project("{9A19103F-16F7-4668-BE54-9A1E7A4F7556}") = "Project.Infrastructure", "Project.Infrastructure\Project.Infrastructure.csproj", "{4FC18135-DF49-4600-A178-042923BF1DEA}"
EndProject
Project("{FAE04EC0-301F-11D3-BF4B-00C04F79EFBC}") = "Project.Shared", "Project.Shared\Project.Shared.csproj", "{7B0ED323-91E6-43D7-A75A-C47D714FF0C6}"
EndProject
Global
	GlobalSection(SolutionConfigurationPlatforms) = preSolution
		Debug|Any CPU = Debug|Any CPU
		Release|Any CPU = Release|Any CPU
	EndGlobalSection
	GlobalSection(ProjectConfigurationPlatforms) = postSolution
		{5E84DF3C-541B-4903-A645-1BE8F6E00D45}.Debug|Any CPU.ActiveCfg = Debug|Any CPU
		{5E84DF3C-541B-4903-A645-1BE8F6E00D45}.Debug|Any CPU.Build.0 = Debug|Any CPU
		{5E84DF3C-541B-4903-A645-1BE8F6E00D45}.Release|Any CPU.ActiveCfg = Release|Any CPU
		{5E84DF3C-541B-4903-A645-1BE8F6E00D45}.Release|Any CPU.Build.0 = Release|Any CPU
		{27F6C58B-BB06-4435-A6BF-E1A39B49BBC5}.Debug|Any CPU.ActiveCfg = Debug|Any CPU
		{27F6C58B-BB06-4435-A6BF-E1A39B49BBC5}.Debug|Any CPU.Build.0 = Debug|Any CPU
		{27F6C58B-BB06-4435-A6BF-E1A39B49BBC5}.Release|Any CPU.ActiveCfg = Release|Any CPU
		{27F6C58B-BB06-4435-A6BF-E1A39B49BBC5}.Release|Any CPU.Build.0 = Release|Any CPU
		{1640A741-A1F9-438A-AF00-8F4856F5FDF3}.Debug|Any CPU.ActiveCfg = Debug|Any CPU
		{1640A741-A1F9-438A-AF00-8F4856F5FDF3}.Debug|Any CPU.Build.0 = Debug|Any CPU
		{1640A741-A1F9-438A-AF00-8F4856F5FDF3}.Release|Any CPU.ActiveCfg = Release|Any CPU
		{1640A741-A1F9-438A-AF00-8F4856F5FDF3}.Release|Any CPU.Build.0 = Release|Any CPU
		{4FC18135-DF49-4600-A178-042923BF1DEA}.Debug|Any CPU.ActiveCfg = Debug|Any CPU
		{4FC18135-DF49-4600-A178-042923BF1DEA}.Debug|Any CPU.Build.0 = Debug|Any CPU
		{4FC18135-DF49-4600-A178-042923BF1DEA}.Release|Any CPU.ActiveCfg = Release|Any CPU
		{4FC18135-DF49-4600-A178-042923BF1DEA}.Release|Any CPU.Build.0 = Release|Any CPU
		{7B0ED323-91E6-43D7-A75A-C47D714FF0C6}.Debug|Any CPU.ActiveCfg = Debug|Any CPU
		{7B0ED323-91E6-43D7-A75A-C47D714FF0C6}.Debug|Any CPU.Build.0 = Debug|Any CPU
		{7B0ED323-91E6-43D7-A75A-C47D714FF0C6}.Release|Any CPU.ActiveCfg = Release|Any CPU
		{7B0ED323-91E6-43D7-A75A-C47D714FF0C6}.Release|Any CPU.Build.0 = Release|Any CPU
	EndGlobalSection
	GlobalSection(SolutionProperties) = preSolution
		HideSolutionNode = FALSE
	EndGlobalSection
	GlobalSection(ExtensibilityGlobals) = postSolution
		SolutionGuid = {AF3070A8-3C63-4873-ACCD-EDA2FC074549}
	EndGlobalSection
EndGlobal
